
Microsoft Visual Studio Solution File, Format Version 12.00
# Visual Studio Version 17
VisualStudioVersion = 17.10.35013.160
MinimumVisualStudioVersion = 10.0.40219.1
Project("{9A19103F-16F7-4668-BE54-9A1E7A4F7556}") = "JoeModForReal", "JoeModForReal.csproj", "{91EE1E79-8C49-420C-ADF6-4FAA0619A0A1}"
EndProject
Global
	GlobalSection(SolutionConfigurationPlatforms) = preSolution
		Debug|Any CPU = Debug|Any CPU
		Release|Any CPU = Release|Any CPU
	EndGlobalSection
	GlobalSection(ProjectConfigurationPlatforms) = postSolution
		{91EE1E79-8C49-420C-ADF6-4FAA0619A0A1}.Debug|Any CPU.ActiveCfg = Debug|Any CPU
		{91EE1E79-8C49-420C-ADF6-4FAA0619A0A1}.Debug|Any CPU.Build.0 = Debug|Any CPU
		{91EE1E79-8C49-420C-ADF6-4FAA0619A0A1}.Release|Any CPU.ActiveCfg = Release|Any CPU
		{91EE1E79-8C49-420C-ADF6-4FAA0619A0A1}.Release|Any CPU.Build.0 = Release|Any CPU
	EndGlobalSection
	GlobalSection(SolutionProperties) = preSolution
		HideSolutionNode = FALSE
	EndGlobalSection
	GlobalSection(ExtensibilityGlobals) = postSolution
		SolutionGuid = {58B51250-758A-4C18-ADB3-8102D453560A}
	EndGlobalSection
EndGlobal
