
Microsoft Visual Studio Solution File, Format Version 12.00
# Visual Studio Version 17
VisualStudioVersion = 17.10.35013.160
MinimumVisualStudioVersion = 10.0.40219.1
Project("{FAE04EC0-301F-11D3-BF4B-00C04F79EFBC}") = "Matchmaker", "Matchmaker.csproj", "{EF633C3F-716B-473F-ACEF-054623BC38DC}"
EndProject
Global
	GlobalSection(SolutionConfigurationPlatforms) = preSolution
		Debug|Any CPU = Debug|Any CPU
		Release|Any CPU = Release|Any CPU
	EndGlobalSection
	GlobalSection(ProjectConfigurationPlatforms) = postSolution
		{EF633C3F-716B-473F-ACEF-054623BC38DC}.Debug|Any CPU.ActiveCfg = Debug|Any CPU
		{EF633C3F-716B-473F-ACEF-054623BC38DC}.Debug|Any CPU.Build.0 = Debug|Any CPU
		{EF633C3F-716B-473F-ACEF-054623BC38DC}.Release|Any CPU.ActiveCfg = Release|Any CPU
		{EF633C3F-716B-473F-ACEF-054623BC38DC}.Release|Any CPU.Build.0 = Release|Any CPU
	EndGlobalSection
	GlobalSection(SolutionProperties) = preSolution
		HideSolutionNode = FALSE
	EndGlobalSection
	GlobalSection(ExtensibilityGlobals) = postSolution
		SolutionGuid = {4823D0B8-F942-454E-ADB3-B25D38E29799}
	EndGlobalSection
EndGlobal
