
Microsoft Visual Studio Solution File, Format Version 12.00
# Visual Studio Version 16
VisualStudioVersion = 16.0.33920.266
MinimumVisualStudioVersion = 10.0.40219.1
Project("{FAE04EC0-301F-11D3-BF4B-00C04F79EFBC}") = "HellDiverMod", "HellDiverMod.csproj", "{50B4D241-370A-4842-8F51-1E7283266B78}"
EndProject
Global
	GlobalSection(SolutionConfigurationPlatforms) = preSolution
		Debug|Any CPU = Debug|Any CPU
		Release|Any CPU = Release|Any CPU
	EndGlobalSection
	GlobalSection(ProjectConfigurationPlatforms) = postSolution
		{50B4D241-370A-4842-8F51-1E7283266B78}.Debug|Any CPU.ActiveCfg = Debug|Any CPU
		{50B4D241-370A-4842-8F51-1E7283266B78}.Debug|Any CPU.Build.0 = Debug|Any CPU
		{50B4D241-370A-4842-8F51-1E7283266B78}.Release|Any CPU.ActiveCfg = Release|Any CPU
		{50B4D241-370A-4842-8F51-1E7283266B78}.Release|Any CPU.Build.0 = Release|Any CPU
	EndGlobalSection
	GlobalSection(SolutionProperties) = preSolution
		HideSolutionNode = FALSE
	EndGlobalSection
	GlobalSection(ExtensibilityGlobals) = postSolution
		SolutionGuid = {CFB9C28C-0B27-4E6C-B4BE-13B75EF1B59F}
	EndGlobalSection
EndGlobal
