
Microsoft Visual Studio Solution File, Format Version 12.00
# Visual Studio Version 16
VisualStudioVersion = 16.0.33920.266
MinimumVisualStudioVersion = 10.0.40219.1
Project("{9A19103F-16F7-4668-BE54-9A1E7A4F7556}") = "KatamariMod", "KatamariMod.csproj", "{604DAAB1-03C6-40C6-AC46-A631F9F76CB3}"
EndProject
Global
	GlobalSection(SolutionConfigurationPlatforms) = preSolution
		Debug|Any CPU = Debug|Any CPU
		Release|Any CPU = Release|Any CPU
	EndGlobalSection
	GlobalSection(ProjectConfigurationPlatforms) = postSolution
		{604DAAB1-03C6-40C6-AC46-A631F9F76CB3}.Debug|Any CPU.ActiveCfg = Debug|Any CPU
		{604DAAB1-03C6-40C6-AC46-A631F9F76CB3}.Debug|Any CPU.Build.0 = Debug|Any CPU
		{604DAAB1-03C6-40C6-AC46-A631F9F76CB3}.Release|Any CPU.ActiveCfg = Release|Any CPU
		{604DAAB1-03C6-40C6-AC46-A631F9F76CB3}.Release|Any CPU.Build.0 = Release|Any CPU
	EndGlobalSection
	GlobalSection(SolutionProperties) = preSolution
		HideSolutionNode = FALSE
	EndGlobalSection
	GlobalSection(ExtensibilityGlobals) = postSolution
		SolutionGuid = {A8699397-D680-4D75-85B3-8D88DF3D4B76}
	EndGlobalSection
EndGlobal
